annotated-doc==0.0.5
cloudpickle==3.1.2
colorama==0.4.6
gitdb==4.0.12
GitPython==3.1.62
joblib==1.6.0
lizard==1.24.0
mando==0.7.1
markdown-it-py==4.2.0
mdurl==0.1.2
narwhals==2.26.0
numpy==2.5.3
pandas==3.0.6
pathspec==1.1.1
PyDriller==2.12
Pygments==2.21.0
python-dateutil==2.9.0.post0
pytz==2026.4
radon==6.0.1
rich==15.0.0
scikit-learn==1.9.1
scipy==1.18.1
shellingham==1.5.4
six==1.17.0
smmap==5.0.3
threadpoolctl==3.7.0
typer==0.27.2
types-pytz==2026.4.0.20260926
tzdata==2026.4
